// !$*UTF8*$!
{
	archiveVersion = 1;
	classes = {
	};
	objectVersion = 48;
	objects = {

/* Begin PBXBuildFile section */
		0351F3057E4680A2F8F878CC /* Pods_expresscoin.framework in Frameworks */ = {isa = PBXBuildFile; fileRef = 9FBBFA54A007181F99CFAB9B /* Pods_expresscoin.framework */; };
		3E81D11A2004E9D600B57378 /* MainVC.swift in Sources */ = {isa = PBXBuildFile; fileRef = 3E81D1182004E9D600B57378 /* MainVC.swift */; };
		3E81D11B2004E9D600B57378 /* MainVC.xib in Resources */ = {isa = PBXBuildFile; fileRef = 3E81D1192004E9D600B57378 /* MainVC.xib */; };
		3E89DDF320089C9600920F47 /* alienleague.ttf in Resources */ = {isa = PBXBuildFile; fileRef = 3E89DDF220089C9600920F47 /* alienleague.ttf */; };
		3E89DDF62008A3D800920F47 /* EditCoinVC.swift in Sources */ = {isa = PBXBuildFile; fileRef = 3E89DDF42008A3D800920F47 /* EditCoinVC.swift */; };
		3E89DDF72008A3D800920F47 /* EditCoinVC.xib in Resources */ = {isa = PBXBuildFile; fileRef = 3E89DDF52008A3D800920F47 /* EditCoinVC.xib */; };
		3E89DDFB2008A40A00920F47 /* NSObject + reusableIdentifier.swift in Sources */ = {isa = PBXBuildFile; fileRef = 3E89DDFA2008A40A00920F47 /* NSObject + reusableIdentifier.swift */; };
		3E89DDFF2008AD0000920F47 /* Coin.swift in Sources */ = {isa = PBXBuildFile; fileRef = 3E89DDFE2008AD0000920F47 /* Coin.swift */; };
		3E89DE012008AD2E00920F47 /* Exchange + Enum.swift in Sources */ = {isa = PBXBuildFile; fileRef = 3E89DE002008AD2E00920F47 /* Exchange + Enum.swift */; };
		3E89DE052008B05D00920F47 /* TextFieldTableViewCell.swift in Sources */ = {isa = PBXBuildFile; fileRef = 3E89DE032008B05D00920F47 /* TextFieldTableViewCell.swift */; };
		3E89DE062008B05D00920F47 /* TextFieldTableViewCell.xib in Resources */ = {isa = PBXBuildFile; fileRef = 3E89DE042008B05D00920F47 /* TextFieldTableViewCell.xib */; };
		3E89DE092008B07400920F47 /* CoinTableViewCell.swift in Sources */ = {isa = PBXBuildFile; fileRef = 3E89DE072008B07400920F47 /* CoinTableViewCell.swift */; };
		3E89DE0A2008B07400920F47 /* CoinTableViewCell.xib in Resources */ = {isa = PBXBuildFile; fileRef = 3E89DE082008B07400920F47 /* CoinTableViewCell.xib */; };
		3E89DE0D2008B09900920F47 /* ExchangeSelectTableViewCell.swift in Sources */ = {isa = PBXBuildFile; fileRef = 3E89DE0B2008B09900920F47 /* ExchangeSelectTableViewCell.swift */; };
		3E89DE0E2008B09900920F47 /* ExchangeSelectTableViewCell.xib in Resources */ = {isa = PBXBuildFile; fileRef = 3E89DE0C2008B09900920F47 /* ExchangeSelectTableViewCell.xib */; };
		3E9B66142007A1E7004F59FA /* UIColor + Swift.swift in Sources */ = {isa = PBXBuildFile; fileRef = 3E9B66132007A1E7004F59FA /* UIColor + Swift.swift */; };
		3E9B66162007A4D2004F59FA /* UITableView + Swift.swift in Sources */ = {isa = PBXBuildFile; fileRef = 3E9B66152007A4D2004F59FA /* UITableView + Swift.swift */; };
		3EC052B51FF65E3200ED835B /* AppDelegate.swift in Sources */ = {isa = PBXBuildFile; fileRef = 3EC052B41FF65E3200ED835B /* AppDelegate.swift */; };
		3EC052BC1FF65E3200ED835B /* Assets.xcassets in Resources */ = {isa = PBXBuildFile; fileRef = 3EC052BB1FF65E3200ED835B /* Assets.xcassets */; };
		3EC052BF1FF65E3200ED835B /* LaunchScreen.storyboard in Resources */ = {isa = PBXBuildFile; fileRef = 3EC052BD1FF65E3200ED835B /* LaunchScreen.storyboard */; };
/* End PBXBuildFile section */

/* Begin PBXFileReference section */
		3E81D1182004E9D600B57378 /* MainVC.swift */ = {isa = PBXFileReference; lastKnownFileType = sourcecode.swift; path = MainVC.swift; sourceTree = "<group>"; };
		3E81D1192004E9D600B57378 /* MainVC.xib */ = {isa = PBXFileReference; lastKnownFileType = file.xib; path = MainVC.xib; sourceTree = "<group>"; };
		3E89DDF220089C9600920F47 /* alienleague.ttf */ = {isa = PBXFileReference; lastKnownFileType = file; path = alienleague.ttf; sourceTree = "<group>"; };
		3E89DDF42008A3D800920F47 /* EditCoinVC.swift */ = {isa = PBXFileReference; lastKnownFileType = sourcecode.swift; path = EditCoinVC.swift; sourceTree = "<group>"; };
		3E89DDF52008A3D800920F47 /* EditCoinVC.xib */ = {isa = PBXFileReference; lastKnownFileType = file.xib; path = EditCoinVC.xib; sourceTree = "<group>"; };
		3E89DDFA2008A40A00920F47 /* NSObject + reusableIdentifier.swift */ = {isa = PBXFileReference; lastKnownFileType = sourcecode.swift; path = "NSObject + reusableIdentifier.swift"; sourceTree = "<group>"; };
		3E89DDFE2008AD0000920F47 /* Coin.swift */ = {isa = PBXFileReference; lastKnownFileType = sourcecode.swift; path = Coin.swift; sourceTree = "<group>"; };
		3E89DE002008AD2E00920F47 /* Exchange + Enum.swift */ = {isa = PBXFileReference; lastKnownFileType = sourcecode.swift; path = "Exchange + Enum.swift"; sourceTree = "<group>"; };
		3E89DE032008B05D00920F47 /* TextFieldTableViewCell.swift */ = {isa = PBXFileReference; lastKnownFileType = sourcecode.swift; path = TextFieldTableViewCell.swift; sourceTree = "<group>"; };
		3E89DE042008B05D00920F47 /* TextFieldTableViewCell.xib */ = {isa = PBXFileReference; lastKnownFileType = file.xib; path = TextFieldTableViewCell.xib; sourceTree = "<group>"; };
		3E89DE072008B07400920F47 /* CoinTableViewCell.swift */ = {isa = PBXFileReference; lastKnownFileType = sourcecode.swift; path = CoinTableViewCell.swift; sourceTree = "<group>"; };
		3E89DE082008B07400920F47 /* CoinTableViewCell.xib */ = {isa = PBXFileReference; lastKnownFileType = file.xib; path = CoinTableViewCell.xib; sourceTree = "<group>"; };
		3E89DE0B2008B09900920F47 /* ExchangeSelectTableViewCell.swift */ = {isa = PBXFileReference; lastKnownFileType = sourcecode.swift; path = ExchangeSelectTableViewCell.swift; sourceTree = "<group>"; };
		3E89DE0C2008B09900920F47 /* ExchangeSelectTableViewCell.xib */ = {isa = PBXFileReference; lastKnownFileType = file.xib; path = ExchangeSelectTableViewCell.xib; sourceTree = "<group>"; };
		3E9B66132007A1E7004F59FA /* UIColor + Swift.swift */ = {isa = PBXFileReference; lastKnownFileType = sourcecode.swift; path = "UIColor + Swift.swift"; sourceTree = "<group>"; };
		3E9B66152007A4D2004F59FA /* UITableView + Swift.swift */ = {isa = PBXFileReference; lastKnownFileType = sourcecode.swift; path = "UITableView + Swift.swift"; sourceTree = "<group>"; };
		3EC052B11FF65E3200ED835B /* expresscoin.app */ = {isa = PBXFileReference; explicitFileType = wrapper.application; includeInIndex = 0; path = expresscoin.app; sourceTree = BUILT_PRODUCTS_DIR; };
		3EC052B41FF65E3200ED835B /* AppDelegate.swift */ = {isa = PBXFileReference; lastKnownFileType = sourcecode.swift; path = AppDelegate.swift; sourceTree = "<group>"; };
		3EC052BB1FF65E3200ED835B /* Assets.xcassets */ = {isa = PBXFileReference; lastKnownFileType = folder.assetcatalog; path = Assets.xcassets; sourceTree = "<group>"; };
		3EC052BE1FF65E3200ED835B /* Base */ = {isa = PBXFileReference; lastKnownFileType = file.storyboard; name = Base; path = Base.lproj/LaunchScreen.storyboard; sourceTree = "<group>"; };
		3EC052C01FF65E3200ED835B /* Info.plist */ = {isa = PBXFileReference; lastKnownFileType = text.plist.xml; path = Info.plist; sourceTree = "<group>"; };
		8A1A49CF6FA142A68CEC9242 /* Pods-expresscoin.release.xcconfig */ = {isa = PBXFileReference; includeInIndex = 1; lastKnownFileType = text.xcconfig; name = "Pods-expresscoin.release.xcconfig"; path = "Pods/Target Support Files/Pods-expresscoin/Pods-expresscoin.release.xcconfig"; sourceTree = "<group>"; };
		91ED965F362F5490427F0F5C /* Pods-expresscoin.debug.xcconfig */ = {isa = PBXFileReference; includeInIndex = 1; lastKnownFileType = text.xcconfig; name = "Pods-expresscoin.debug.xcconfig"; path = "Pods/Target Support Files/Pods-expresscoin/Pods-expresscoin.debug.xcconfig"; sourceTree = "<group>"; };
		9FBBFA54A007181F99CFAB9B /* Pods_expresscoin.framework */ = {isa = PBXFileReference; explicitFileType = wrapper.framework; includeInIndex = 0; path = Pods_expresscoin.framework; sourceTree = BUILT_PRODUCTS_DIR; };
/* End PBXFileReference section */

/* Begin PBXFrameworksBuildPhase section */
		3EC052AE1FF65E3200ED835B /* Frameworks */ = {
			isa = PBXFrameworksBuildPhase;
			buildActionMask = 2147483647;
			files = (
				0351F3057E4680A2F8F878CC /* Pods_expresscoin.framework in Frameworks */,
			);
			runOnlyForDeploymentPostprocessing = 0;
		};
/* End PBXFrameworksBuildPhase section */

/* Begin PBXGroup section */
		0E56624753171ABCD61A355A /* Pods */ = {
			isa = PBXGroup;
			children = (
				91ED965F362F5490427F0F5C /* Pods-expresscoin.debug.xcconfig */,
				8A1A49CF6FA142A68CEC9242 /* Pods-expresscoin.release.xcconfig */,
			);
			name = Pods;
			sourceTree = "<group>";
		};
		3E81D1172004E9BA00B57378 /* ViewControllers */ = {
			isa = PBXGroup;
			children = (
				3E81D1182004E9D600B57378 /* MainVC.swift */,
				3E81D1192004E9D600B57378 /* MainVC.xib */,
				3E89DDF42008A3D800920F47 /* EditCoinVC.swift */,
				3E89DDF52008A3D800920F47 /* EditCoinVC.xib */,
			);
			path = ViewControllers;
			sourceTree = "<group>";
		};
		3E89DDFC2008ACD800920F47 /* Model */ = {
			isa = PBXGroup;
			children = (
				3E89DDFE2008AD0000920F47 /* Coin.swift */,
			);
			path = Model;
			sourceTree = "<group>";
		};
		3E89DDFD2008ACF200920F47 /* Resource */ = {
			isa = PBXGroup;
			children = (
				3E89DE002008AD2E00920F47 /* Exchange + Enum.swift */,
			);
			path = Resource;
			sourceTree = "<group>";
		};
		3E89DE022008B04200920F47 /* Cell */ = {
			isa = PBXGroup;
			children = (
				3E89DE032008B05D00920F47 /* TextFieldTableViewCell.swift */,
				3E89DE042008B05D00920F47 /* TextFieldTableViewCell.xib */,
				3E89DE072008B07400920F47 /* CoinTableViewCell.swift */,
				3E89DE082008B07400920F47 /* CoinTableViewCell.xib */,
				3E89DE0B2008B09900920F47 /* ExchangeSelectTableViewCell.swift */,
				3E89DE0C2008B09900920F47 /* ExchangeSelectTableViewCell.xib */,
			);
			path = Cell;
			sourceTree = "<group>";
		};
		3E9B66122007A1B9004F59FA /* Extensions */ = {
			isa = PBXGroup;
			children = (
				3E9B66132007A1E7004F59FA /* UIColor + Swift.swift */,
				3E9B66152007A4D2004F59FA /* UITableView + Swift.swift */,
				3E89DDFA2008A40A00920F47 /* NSObject + reusableIdentifier.swift */,
			);
			path = Extensions;
			sourceTree = "<group>";
		};
		3EC052A81FF65E3200ED835B = {
			isa = PBXGroup;
			children = (
				3EC052B31FF65E3200ED835B /* expresscoin */,
				3EC052B21FF65E3200ED835B /* Products */,
				0E56624753171ABCD61A355A /* Pods */,
				A37E5BF0641E4F9E63BEF03D /* Frameworks */,
			);
			sourceTree = "<group>";
		};
		3EC052B21FF65E3200ED835B /* Products */ = {
			isa = PBXGroup;
			children = (
				3EC052B11FF65E3200ED835B /* expresscoin.app */,
			);
			name = Products;
			sourceTree = "<group>";
		};
		3EC052B31FF65E3200ED835B /* expresscoin */ = {
			isa = PBXGroup;
			children = (
				3E89DE022008B04200920F47 /* Cell */,
				3E89DDFD2008ACF200920F47 /* Resource */,
				3E89DDFC2008ACD800920F47 /* Model */,
				3E9B66122007A1B9004F59FA /* Extensions */,
				3E81D1172004E9BA00B57378 /* ViewControllers */,
				3EC052B41FF65E3200ED835B /* AppDelegate.swift */,
				3E89DDF220089C9600920F47 /* alienleague.ttf */,
				3EC052BB1FF65E3200ED835B /* Assets.xcassets */,
				3EC052BD1FF65E3200ED835B /* LaunchScreen.storyboard */,
				3EC052C01FF65E3200ED835B /* Info.plist */,
			);
			path = expresscoin;
			sourceTree = "<group>";
		};
		A37E5BF0641E4F9E63BEF03D /* Frameworks */ = {
			isa = PBXGroup;
			children = (
				9FBBFA54A007181F99CFAB9B /* Pods_expresscoin.framework */,
			);
			name = Frameworks;
			sourceTree = "<group>";
		};
/* End PBXGroup section */

/* Begin PBXNativeTarget section */
		3EC052B01FF65E3200ED835B /* expresscoin */ = {
			isa = PBXNativeTarget;
			buildConfigurationList = 3EC052C31FF65E3200ED835B /* Build configuration list for PBXNativeTarget "expresscoin" */;
			buildPhases = (
				F548E12225D9C46E66344259 /* [CP] Check Pods Manifest.lock */,
				3EC052AD1FF65E3200ED835B /* Sources */,
				3EC052AE1FF65E3200ED835B /* Frameworks */,
				3EC052AF1FF65E3200ED835B /* Resources */,
				8050B4C859D69AE988F5B832 /* [CP] Embed Pods Frameworks */,
				B08F9DD10F3B0020CB4C962D /* [CP] Copy Pods Resources */,
			);
			buildRules = (
			);
			dependencies = (
			);
			name = expresscoin;
			productName = expresscoin;
			productReference = 3EC052B11FF65E3200ED835B /* expresscoin.app */;
			productType = "com.apple.product-type.application";
		};
/* End PBXNativeTarget section */

/* Begin PBXProject section */
		3EC052A91FF65E3200ED835B /* Project object */ = {
			isa = PBXProject;
			attributes = {
				LastSwiftUpdateCheck = 0920;
				LastUpgradeCheck = 0920;
				ORGANIZATIONNAME = "이동건";
				TargetAttributes = {
					3EC052B01FF65E3200ED835B = {
						CreatedOnToolsVersion = 9.2;
						ProvisioningStyle = Automatic;
					};
				};
			};
			buildConfigurationList = 3EC052AC1FF65E3200ED835B /* Build configuration list for PBXProject "expresscoin" */;
			compatibilityVersion = "Xcode 8.0";
			developmentRegion = en;
			hasScannedForEncodings = 0;
			knownRegions = (
				en,
				Base,
			);
			mainGroup = 3EC052A81FF65E3200ED835B;
			productRefGroup = 3EC052B21FF65E3200ED835B /* Products */;
			projectDirPath = "";
			projectRoot = "";
			targets = (
				3EC052B01FF65E3200ED835B /* expresscoin */,
			);
		};
/* End PBXProject section */

/* Begin PBXResourcesBuildPhase section */
		3EC052AF1FF65E3200ED835B /* Resources */ = {
			isa = PBXResourcesBuildPhase;
			buildActionMask = 2147483647;
			files = (
				3E81D11B2004E9D600B57378 /* MainVC.xib in Resources */,
				3E89DE062008B05D00920F47 /* TextFieldTableViewCell.xib in Resources */,
				3EC052BF1FF65E3200ED835B /* LaunchScreen.storyboard in Resources */,
				3EC052BC1FF65E3200ED835B /* Assets.xcassets in Resources */,
				3E89DDF320089C9600920F47 /* alienleague.ttf in Resources */,
				3E89DE0A2008B07400920F47 /* CoinTableViewCell.xib in Resources */,
				3E89DE0E2008B09900920F47 /* ExchangeSelectTableViewCell.xib in Resources */,
				3E89DDF72008A3D800920F47 /* EditCoinVC.xib in Resources */,
			);
			runOnlyForDeploymentPostprocessing = 0;
		};
/* End PBXResourcesBuildPhase section */

/* Begin PBXShellScriptBuildPhase section */
		8050B4C859D69AE988F5B832 /* [CP] Embed Pods Frameworks */ = {
			isa = PBXShellScriptBuildPhase;
			buildActionMask = 2147483647;
			files = (
			);
			inputPaths = (
				"${SRCROOT}/Pods/Target Support Files/Pods-expresscoin/Pods-expresscoin-frameworks.sh",
				"${BUILT_PRODUCTS_DIR}/Alamofire/Alamofire.framework",
			);
			name = "[CP] Embed Pods Frameworks";
			outputPaths = (
				"${TARGET_BUILD_DIR}/${FRAMEWORKS_FOLDER_PATH}/Alamofire.framework",
			);
			runOnlyForDeploymentPostprocessing = 0;
			shellPath = /bin/sh;
			shellScript = "\"${SRCROOT}/Pods/Target Support Files/Pods-expresscoin/Pods-expresscoin-frameworks.sh\"\n";
			showEnvVarsInLog = 0;
		};
		B08F9DD10F3B0020CB4C962D /* [CP] Copy Pods Resources */ = {
			isa = PBXShellScriptBuildPhase;
			buildActionMask = 2147483647;
			files = (
			);
			inputPaths = (
			);
			name = "[CP] Copy Pods Resources";
			outputPaths = (
			);
			runOnlyForDeploymentPostprocessing = 0;
			shellPath = /bin/sh;
			shellScript = "\"${SRCROOT}/Pods/Target Support Files/Pods-expresscoin/Pods-expresscoin-resources.sh\"\n";
			showEnvVarsInLog = 0;
		};
		F548E12225D9C46E66344259 /* [CP] Check Pods Manifest.lock */ = {
			isa = PBXShellScriptBuildPhase;
			buildActionMask = 2147483647;
			files = (
			);
			inputPaths = (
				"${PODS_PODFILE_DIR_PATH}/Podfile.lock",
				"${PODS_ROOT}/Manifest.lock",
			);
			name = "[CP] Check Pods Manifest.lock";
			outputPaths = (
				"$(DERIVED_FILE_DIR)/Pods-expresscoin-checkManifestLockResult.txt",
			);
			runOnlyForDeploymentPostprocessing = 0;
			shellPath = /bin/sh;
			shellScript = "diff \"${PODS_PODFILE_DIR_PATH}/Podfile.lock\" \"${PODS_ROOT}/Manifest.lock\" > /dev/null\nif [ $? != 0 ] ; then\n    # print error to STDERR\n    echo \"error: The sandbox is not in sync with the Podfile.lock. Run 'pod install' or update your CocoaPods installation.\" >&2\n    exit 1\nfi\n# This output is used by Xcode 'outputs' to avoid re-running this script phase.\necho \"SUCCESS\" > \"${SCRIPT_OUTPUT_FILE_0}\"\n";
			showEnvVarsInLog = 0;
		};
/* End PBXShellScriptBuildPhase section */

/* Begin PBXSourcesBuildPhase section */
		3EC052AD1FF65E3200ED835B /* Sources */ = {
			isa = PBXSourcesBuildPhase;
			buildActionMask = 2147483647;
			files = (
				3EC052B51FF65E3200ED835B /* AppDelegate.swift in Sources */,
				3E9B66162007A4D2004F59FA /* UITableView + Swift.swift in Sources */,
				3E9B66142007A1E7004F59FA /* UIColor + Swift.swift in Sources */,
				3E89DE012008AD2E00920F47 /* Exchange + Enum.swift in Sources */,
				3E89DE092008B07400920F47 /* CoinTableViewCell.swift in Sources */,
				3E89DDFB2008A40A00920F47 /* NSObject + reusableIdentifier.swift in Sources */,
				3E89DE0D2008B09900920F47 /* ExchangeSelectTableViewCell.swift in Sources */,
				3E89DDF62008A3D800920F47 /* EditCoinVC.swift in Sources */,
				3E89DE052008B05D00920F47 /* TextFieldTableViewCell.swift in Sources */,
				3E81D11A2004E9D600B57378 /* MainVC.swift in Sources */,
				3E89DDFF2008AD0000920F47 /* Coin.swift in Sources */,
			);
			runOnlyForDeploymentPostprocessing = 0;
		};
/* End PBXSourcesBuildPhase section */

/* Begin PBXVariantGroup section */
		3EC052BD1FF65E3200ED835B /* LaunchScreen.storyboard */ = {
			isa = PBXVariantGroup;
			children = (
				3EC052BE1FF65E3200ED835B /* Base */,
			);
			name = LaunchScreen.storyboard;
			sourceTree = "<group>";
		};
/* End PBXVariantGroup section */

/* Begin XCBuildConfiguration section */
		3EC052C11FF65E3200ED835B /* Debug */ = {
			isa = XCBuildConfiguration;
			buildSettings = {
				ALWAYS_SEARCH_USER_PATHS = NO;
				CLANG_ANALYZER_NONNULL = YES;
				CLANG_ANALYZER_NUMBER_OBJECT_CONVERSION = YES_AGGRESSIVE;
				CLANG_CXX_LANGUAGE_STANDARD = "gnu++14";
				CLANG_CXX_LIBRARY = "libc++";
				CLANG_ENABLE_MODULES = YES;
				CLANG_ENABLE_OBJC_ARC = YES;
				CLANG_WARN_BLOCK_CAPTURE_AUTORELEASING = YES;
				CLANG_WARN_BOOL_CONVERSION = YES;
				CLANG_WARN_COMMA = YES;
				CLANG_WARN_CONSTANT_CONVERSION = YES;
				CLANG_WARN_DIRECT_OBJC_ISA_USAGE = YES_ERROR;
				CLANG_WARN_DOCUMENTATION_COMMENTS = YES;
				CLANG_WARN_EMPTY_BODY = YES;
				CLANG_WARN_ENUM_CONVERSION = YES;
				CLANG_WARN_INFINITE_RECURSION = YES;
				CLANG_WARN_INT_CONVERSION = YES;
				CLANG_WARN_NON_LITERAL_NULL_CONVERSION = YES;
				CLANG_WARN_OBJC_LITERAL_CONVERSION = YES;
				CLANG_WARN_OBJC_ROOT_CLASS = YES_ERROR;
				CLANG_WARN_RANGE_LOOP_ANALYSIS = YES;
				CLANG_WARN_STRICT_PROTOTYPES = YES;
				CLANG_WARN_SUSPICIOUS_MOVE = YES;
				CLANG_WARN_UNGUARDED_AVAILABILITY = YES_AGGRESSIVE;
				CLANG_WARN_UNREACHABLE_CODE = YES;
				CLANG_WARN__DUPLICATE_METHOD_MATCH = YES;
				CODE_SIGN_IDENTITY = "iPhone Developer";
				COPY_PHASE_STRIP = NO;
				DEBUG_INFORMATION_FORMAT = dwarf;
				ENABLE_STRICT_OBJC_MSGSEND = YES;
				ENABLE_TESTABILITY = YES;
				GCC_C_LANGUAGE_STANDARD = gnu11;
				GCC_DYNAMIC_NO_PIC = NO;
				GCC_NO_COMMON_BLOCKS = YES;
				GCC_OPTIMIZATION_LEVEL = 0;
				GCC_PREPROCESSOR_DEFINITIONS = (
					"DEBUG=1",
					"$(inherited)",
				);
				GCC_WARN_64_TO_32_BIT_CONVERSION = YES;
				GCC_WARN_ABOUT_RETURN_TYPE = YES_ERROR;
				GCC_WARN_UNDECLARED_SELECTOR = YES;
				GCC_WARN_UNINITIALIZED_AUTOS = YES_AGGRESSIVE;
				GCC_WARN_UNUSED_FUNCTION = YES;
				GCC_WARN_UNUSED_VARIABLE = YES;
				IPHONEOS_DEPLOYMENT_TARGET = 9.0;
				MTL_ENABLE_DEBUG_INFO = YES;
				ONLY_ACTIVE_ARCH = YES;
				SDKROOT = iphoneos;
				SWIFT_ACTIVE_COMPILATION_CONDITIONS = DEBUG;
				SWIFT_OPTIMIZATION_LEVEL = "-Onone";
			};
			name = Debug;
		};
		3EC052C21FF65E3200ED835B /* Release */ = {
			isa = XCBuildConfiguration;
			buildSettings = {
				ALWAYS_SEARCH_USER_PATHS = NO;
				CLANG_ANALYZER_NONNULL = YES;
				CLANG_ANALYZER_NUMBER_OBJECT_CONVERSION = YES_AGGRESSIVE;
				CLANG_CXX_LANGUAGE_STANDARD = "gnu++14";
				CLANG_CXX_LIBRARY = "libc++";
				CLANG_ENABLE_MODULES = YES;
				CLANG_ENABLE_OBJC_ARC = YES;
				CLANG_WARN_BLOCK_CAPTURE_AUTORELEASING = YES;
				CLANG_WARN_BOOL_CONVERSION = YES;
				CLANG_WARN_COMMA = YES;
				CLANG_WARN_CONSTANT_CONVERSION = YES;
				CLANG_WARN_DIRECT_OBJC_ISA_USAGE = YES_ERROR;
				CLANG_WARN_DOCUMENTATION_COMMENTS = YES;
				CLANG_WARN_EMPTY_BODY = YES;
				CLANG_WARN_ENUM_CONVERSION = YES;
				CLANG_WARN_INFINITE_RECURSION = YES;
				CLANG_WARN_INT_CONVERSION = YES;
				CLANG_WARN_NON_LITERAL_NULL_CONVERSION = YES;
				CLANG_WARN_OBJC_LITERAL_CONVERSION = YES;
				CLANG_WARN_OBJC_ROOT_CLASS = YES_ERROR;
				CLANG_WARN_RANGE_LOOP_ANALYSIS = YES;
				CLANG_WARN_STRICT_PROTOTYPES = YES;
				CLANG_WARN_SUSPICIOUS_MOVE = YES;
				CLANG_WARN_UNGUARDED_AVAILABILITY = YES_AGGRESSIVE;
				CLANG_WARN_UNREACHABLE_CODE = YES;
				CLANG_WARN__DUPLICATE_METHOD_MATCH = YES;
				CODE_SIGN_IDENTITY = "iPhone Developer";
				COPY_PHASE_STRIP = NO;
				DEBUG_INFORMATION_FORMAT = "dwarf-with-dsym";
				ENABLE_NS_ASSERTIONS = NO;
				ENABLE_STRICT_OBJC_MSGSEND = YES;
				GCC_C_LANGUAGE_STANDARD = gnu11;
				GCC_NO_COMMON_BLOCKS = YES;
				GCC_WARN_64_TO_32_BIT_CONVERSION = YES;
				GCC_WARN_ABOUT_RETURN_TYPE = YES_ERROR;
				GCC_WARN_UNDECLARED_SELECTOR = YES;
				GCC_WARN_UNINITIALIZED_AUTOS = YES_AGGRESSIVE;
				GCC_WARN_UNUSED_FUNCTION = YES;
				GCC_WARN_UNUSED_VARIABLE = YES;
				IPHONEOS_DEPLOYMENT_TARGET = 9.0;
				MTL_ENABLE_DEBUG_INFO = NO;
				SDKROOT = iphoneos;
				SWIFT_OPTIMIZATION_LEVEL = "-Owholemodule";
				VALIDATE_PRODUCT = YES;
			};
			name = Release;
		};
		3EC052C41FF65E3200ED835B /* Debug */ = {
			isa = XCBuildConfiguration;
			baseConfigurationReference = 91ED965F362F5490427F0F5C /* Pods-expresscoin.debug.xcconfig */;
			buildSettings = {
				ASSETCATALOG_COMPILER_APPICON_NAME = AppIcon;
				CODE_SIGN_STYLE = Automatic;
				DEVELOPMENT_TEAM = 452DHHAC9T;
				INFOPLIST_FILE = expresscoin/Info.plist;
				IPHONEOS_DEPLOYMENT_TARGET = 9.0;
				LD_RUNPATH_SEARCH_PATHS = "$(inherited) @executable_path/Frameworks";
				PRODUCT_BUNDLE_IDENTIFIER = com.HackYourMoney.expresscoin;
				PRODUCT_NAME = "$(TARGET_NAME)";
				SWIFT_VERSION = 4.0;
				TARGETED_DEVICE_FAMILY = 1;
			};
			name = Debug;
		};
		3EC052C51FF65E3200ED835B /* Release */ = {
			isa = XCBuildConfiguration;
			baseConfigurationReference = 8A1A49CF6FA142A68CEC9242 /* Pods-expresscoin.release.xcconfig */;
			buildSettings = {
				ASSETCATALOG_COMPILER_APPICON_NAME = AppIcon;
				CODE_SIGN_STYLE = Automatic;
				DEVELOPMENT_TEAM = 452DHHAC9T;
				INFOPLIST_FILE = expresscoin/Info.plist;
				IPHONEOS_DEPLOYMENT_TARGET = 9.0;
				LD_RUNPATH_SEARCH_PATHS = "$(inherited) @executable_path/Frameworks";
				PRODUCT_BUNDLE_IDENTIFIER = com.HackYourMoney.expresscoin;
				PRODUCT_NAME = "$(TARGET_NAME)";
				SWIFT_VERSION = 4.0;
				TARGETED_DEVICE_FAMILY = 1;
			};
			name = Release;
		};
/* End XCBuildConfiguration section */

/* Begin XCConfigurationList section */
		3EC052AC1FF65E3200ED835B /* Build configuration list for PBXProject "expresscoin" */ = {
			isa = XCConfigurationList;
			buildConfigurations = (
				3EC052C11FF65E3200ED835B /* Debug */,
				3EC052C21FF65E3200ED835B /* Release */,
			);
			defaultConfigurationIsVisible = 0;
			defaultConfigurationName = Release;
		};
		3EC052C31FF65E3200ED835B /* Build configuration list for PBXNativeTarget "expresscoin" */ = {
			isa = XCConfigurationList;
			buildConfigurations = (
				3EC052C41FF65E3200ED835B /* Debug */,
				3EC052C51FF65E3200ED835B /* Release */,
			);
			defaultConfigurationIsVisible = 0;
			defaultConfigurationName = Release;
		};
/* End XCConfigurationList section */
	};
	rootObject = 3EC052A91FF65E3200ED835B /* Project object */;
}
